
Microsoft Visual Studio Solution File, Format Version 12.00
# Visual Studio Version 17
VisualStudioVersion = 17.3.32611.2
MinimumVisualStudioVersion = 10.0.40219.1
Project("{D954291E-2A0B-460D-934E-DC6B0785DB48}") = "UnoAppSkia.Shared", "UnoAppSkia\UnoAppSkia.Shared\UnoAppSkia.Shared.shproj", "{6279C845-92F8-4333-AB99-3D213163593C}"
EndProject
Project("{2150E333-8FDC-42A3-9474-1A3956D46DE8}") = "Platforms", "Platforms", "{24D20AE9-BA4A-4925-863A-1EA1AFF6AF2E}"
EndProject
Project("{FAE04EC0-301F-11D3-BF4B-00C04F79EFBC}") = "UnoAppSkia.Wasm", "UnoAppSkia\UnoAppSkia.Wasm\UnoAppSkia.Wasm.csproj", "{6B9BE139-EF2A-455A-A419-DE7EB4457BAF}"
EndProject
Project("{FAE04EC0-301F-11D3-BF4B-00C04F79EFBC}") = "UnoAppSkia.Mobile", "UnoAppSkia\UnoAppSkia.Mobile\UnoAppSkia.Mobile.csproj", "{134E885D-F9C0-466B-8D6D-A0252B00FE44}"
EndProject
Project("{FAE04EC0-301F-11D3-BF4B-00C04F79EFBC}") = "UnoAppSkia.Skia.Gtk", "UnoAppSkia\UnoAppSkia.Skia.Gtk\UnoAppSkia.Skia.Gtk.csproj", "{54DC8180-6892-405D-ABC6-D42B335AA870}"
EndProject
Project("{FAE04EC0-301F-11D3-BF4B-00C04F79EFBC}") = "UnoAppSkia.Windows", "UnoAppSkia\UnoAppSkia.Windows\UnoAppSkia.Windows.csproj", "{5BA26BA4-BA6F-4021-984B-625ED72752D9}"
EndProject
Global
	GlobalSection(SolutionConfigurationPlatforms) = preSolution
		Debug|Any CPU = Debug|Any CPU
		Debug|arm64 = Debug|arm64
		Debug|x64 = Debug|x64
		Debug|x86 = Debug|x86
		Release|Any CPU = Release|Any CPU
		Release|arm64 = Release|arm64
		Release|x64 = Release|x64
		Release|x86 = Release|x86
	EndGlobalSection
	GlobalSection(ProjectConfigurationPlatforms) = postSolution
		{6B9BE139-EF2A-455A-A419-DE7EB4457BAF}.Debug|Any CPU.ActiveCfg = Debug|Any CPU
		{6B9BE139-EF2A-455A-A419-DE7EB4457BAF}.Debug|Any CPU.Build.0 = Debug|Any CPU
		{6B9BE139-EF2A-455A-A419-DE7EB4457BAF}.Debug|arm64.ActiveCfg = Debug|Any CPU
		{6B9BE139-EF2A-455A-A419-DE7EB4457BAF}.Debug|arm64.Build.0 = Debug|Any CPU
		{6B9BE139-EF2A-455A-A419-DE7EB4457BAF}.Debug|x64.ActiveCfg = Debug|Any CPU
		{6B9BE139-EF2A-455A-A419-DE7EB4457BAF}.Debug|x64.Build.0 = Debug|Any CPU
		{6B9BE139-EF2A-455A-A419-DE7EB4457BAF}.Debug|x86.ActiveCfg = Debug|Any CPU
		{6B9BE139-EF2A-455A-A419-DE7EB4457BAF}.Debug|x86.Build.0 = Debug|Any CPU
		{6B9BE139-EF2A-455A-A419-DE7EB4457BAF}.Release|Any CPU.ActiveCfg = Release|Any CPU
		{6B9BE139-EF2A-455A-A419-DE7EB4457BAF}.Release|Any CPU.Build.0 = Release|Any CPU
		{6B9BE139-EF2A-455A-A419-DE7EB4457BAF}.Release|arm64.ActiveCfg = Release|Any CPU
		{6B9BE139-EF2A-455A-A419-DE7EB4457BAF}.Release|arm64.Build.0 = Release|Any CPU
		{6B9BE139-EF2A-455A-A419-DE7EB4457BAF}.Release|x64.ActiveCfg = Release|Any CPU
		{6B9BE139-EF2A-455A-A419-DE7EB4457BAF}.Release|x64.Build.0 = Release|Any CPU
		{6B9BE139-EF2A-455A-A419-DE7EB4457BAF}.Release|x86.ActiveCfg = Release|Any CPU
		{6B9BE139-EF2A-455A-A419-DE7EB4457BAF}.Release|x86.Build.0 = Release|Any CPU
		{134E885D-F9C0-466B-8D6D-A0252B00FE44}.Debug|Any CPU.ActiveCfg = Debug|Any CPU
		{134E885D-F9C0-466B-8D6D-A0252B00FE44}.Debug|Any CPU.Build.0 = Debug|Any CPU
		{134E885D-F9C0-466B-8D6D-A0252B00FE44}.Debug|Any CPU.Deploy.0 = Debug|Any CPU
		{134E885D-F9C0-466B-8D6D-A0252B00FE44}.Debug|arm64.ActiveCfg = Debug|Any CPU
		{134E885D-F9C0-466B-8D6D-A0252B00FE44}.Debug|arm64.Build.0 = Debug|Any CPU
		{134E885D-F9C0-466B-8D6D-A0252B00FE44}.Debug|arm64.Deploy.0 = Debug|Any CPU
		{134E885D-F9C0-466B-8D6D-A0252B00FE44}.Debug|x64.ActiveCfg = Debug|Any CPU
		{134E885D-F9C0-466B-8D6D-A0252B00FE44}.Debug|x64.Build.0 = Debug|Any CPU
		{134E885D-F9C0-466B-8D6D-A0252B00FE44}.Debug|x64.Deploy.0 = Debug|Any CPU
		{134E885D-F9C0-466B-8D6D-A0252B00FE44}.Debug|x86.ActiveCfg = Debug|Any CPU
		{134E885D-F9C0-466B-8D6D-A0252B00FE44}.Debug|x86.Build.0 = Debug|Any CPU
		{134E885D-F9C0-466B-8D6D-A0252B00FE44}.Debug|x86.Deploy.0 = Debug|Any CPU
		{134E885D-F9C0-466B-8D6D-A0252B00FE44}.Release|Any CPU.ActiveCfg = Release|Any CPU
		{134E885D-F9C0-466B-8D6D-A0252B00FE44}.Release|Any CPU.Build.0 = Release|Any CPU
		{134E885D-F9C0-466B-8D6D-A0252B00FE44}.Release|Any CPU.Deploy.0 = Release|Any CPU
		{134E885D-F9C0-466B-8D6D-A0252B00FE44}.Release|arm64.ActiveCfg = Release|Any CPU
		{134E885D-F9C0-466B-8D6D-A0252B00FE44}.Release|arm64.Build.0 = Release|Any CPU
		{134E885D-F9C0-466B-8D6D-A0252B00FE44}.Release|arm64.Deploy.0 = Release|Any CPU
		{134E885D-F9C0-466B-8D6D-A0252B00FE44}.Release|x64.ActiveCfg = Release|Any CPU
		{134E885D-F9C0-466B-8D6D-A0252B00FE44}.Release|x64.Build.0 = Release|Any CPU
		{134E885D-F9C0-466B-8D6D-A0252B00FE44}.Release|x64.Deploy.0 = Release|Any CPU
		{134E885D-F9C0-466B-8D6D-A0252B00FE44}.Release|x86.ActiveCfg = Release|Any CPU
		{134E885D-F9C0-466B-8D6D-A0252B00FE44}.Release|x86.Build.0 = Release|Any CPU
		{134E885D-F9C0-466B-8D6D-A0252B00FE44}.Release|x86.Deploy.0 = Release|Any CPU
		{54DC8180-6892-405D-ABC6-D42B335AA870}.Debug|Any CPU.ActiveCfg = Debug|Any CPU
		{54DC8180-6892-405D-ABC6-D42B335AA870}.Debug|Any CPU.Build.0 = Debug|Any CPU
		{54DC8180-6892-405D-ABC6-D42B335AA870}.Debug|arm64.ActiveCfg = Debug|Any CPU
		{54DC8180-6892-405D-ABC6-D42B335AA870}.Debug|arm64.Build.0 = Debug|Any CPU
		{54DC8180-6892-405D-ABC6-D42B335AA870}.Debug|x64.ActiveCfg = Debug|Any CPU
		{54DC8180-6892-405D-ABC6-D42B335AA870}.Debug|x64.Build.0 = Debug|Any CPU
		{54DC8180-6892-405D-ABC6-D42B335AA870}.Debug|x86.ActiveCfg = Debug|Any CPU
		{54DC8180-6892-405D-ABC6-D42B335AA870}.Debug|x86.Build.0 = Debug|Any CPU
		{54DC8180-6892-405D-ABC6-D42B335AA870}.Release|Any CPU.ActiveCfg = Release|Any CPU
		{54DC8180-6892-405D-ABC6-D42B335AA870}.Release|Any CPU.Build.0 = Release|Any CPU
		{54DC8180-6892-405D-ABC6-D42B335AA870}.Release|arm64.ActiveCfg = Release|Any CPU
		{54DC8180-6892-405D-ABC6-D42B335AA870}.Release|arm64.Build.0 = Release|Any CPU
		{54DC8180-6892-405D-ABC6-D42B335AA870}.Release|x64.ActiveCfg = Release|Any CPU
		{54DC8180-6892-405D-ABC6-D42B335AA870}.Release|x64.Build.0 = Release|Any CPU
		{54DC8180-6892-405D-ABC6-D42B335AA870}.Release|x86.ActiveCfg = Release|Any CPU
		{54DC8180-6892-405D-ABC6-D42B335AA870}.Release|x86.Build.0 = Release|Any CPU
		{5BA26BA4-BA6F-4021-984B-625ED72752D9}.Debug|Any CPU.ActiveCfg = Debug|x64
		{5BA26BA4-BA6F-4021-984B-625ED72752D9}.Debug|Any CPU.Build.0 = Debug|x64
		{5BA26BA4-BA6F-4021-984B-625ED72752D9}.Debug|Any CPU.Deploy.0 = Debug|x64
		{5BA26BA4-BA6F-4021-984B-625ED72752D9}.Debug|arm64.ActiveCfg = Debug|arm64
		{5BA26BA4-BA6F-4021-984B-625ED72752D9}.Debug|arm64.Build.0 = Debug|arm64
		{5BA26BA4-BA6F-4021-984B-625ED72752D9}.Debug|arm64.Deploy.0 = Debug|arm64
		{5BA26BA4-BA6F-4021-984B-625ED72752D9}.Debug|x64.ActiveCfg = Debug|x64
		{5BA26BA4-BA6F-4021-984B-625ED72752D9}.Debug|x64.Build.0 = Debug|x64
		{5BA26BA4-BA6F-4021-984B-625ED72752D9}.Debug|x64.Deploy.0 = Debug|x64
		{5BA26BA4-BA6F-4021-984B-625ED72752D9}.Debug|x86.ActiveCfg = Debug|x86
		{5BA26BA4-BA6F-4021-984B-625ED72752D9}.Debug|x86.Build.0 = Debug|x86
		{5BA26BA4-BA6F-4021-984B-625ED72752D9}.Debug|x86.Deploy.0 = Debug|x86
		{5BA26BA4-BA6F-4021-984B-625ED72752D9}.Release|Any CPU.ActiveCfg = Release|x64
		{5BA26BA4-BA6F-4021-984B-625ED72752D9}.Release|Any CPU.Build.0 = Release|x64
		{5BA26BA4-BA6F-4021-984B-625ED72752D9}.Release|Any CPU.Deploy.0 = Release|x64
		{5BA26BA4-BA6F-4021-984B-625ED72752D9}.Release|arm64.ActiveCfg = Release|arm64
		{5BA26BA4-BA6F-4021-984B-625ED72752D9}.Release|arm64.Build.0 = Release|arm64
		{5BA26BA4-BA6F-4021-984B-625ED72752D9}.Release|arm64.Deploy.0 = Release|arm64
		{5BA26BA4-BA6F-4021-984B-625ED72752D9}.Release|x64.ActiveCfg = Release|x64
		{5BA26BA4-BA6F-4021-984B-625ED72752D9}.Release|x64.Build.0 = Release|x64
		{5BA26BA4-BA6F-4021-984B-625ED72752D9}.Release|x64.Deploy.0 = Release|x64
		{5BA26BA4-BA6F-4021-984B-625ED72752D9}.Release|x86.ActiveCfg = Release|x86
		{5BA26BA4-BA6F-4021-984B-625ED72752D9}.Release|x86.Build.0 = Release|x86
		{5BA26BA4-BA6F-4021-984B-625ED72752D9}.Release|x86.Deploy.0 = Release|x86
	EndGlobalSection
	GlobalSection(SolutionProperties) = preSolution
		HideSolutionNode = FALSE
	EndGlobalSection
	GlobalSection(NestedProjects) = preSolution
		{6B9BE139-EF2A-455A-A419-DE7EB4457BAF} = {24D20AE9-BA4A-4925-863A-1EA1AFF6AF2E}
		{134E885D-F9C0-466B-8D6D-A0252B00FE44} = {24D20AE9-BA4A-4925-863A-1EA1AFF6AF2E}
		{54DC8180-6892-405D-ABC6-D42B335AA870} = {24D20AE9-BA4A-4925-863A-1EA1AFF6AF2E}
		{5BA26BA4-BA6F-4021-984B-625ED72752D9} = {24D20AE9-BA4A-4925-863A-1EA1AFF6AF2E}
	EndGlobalSection
	GlobalSection(ExtensibilityGlobals) = postSolution
		SolutionGuid = {1818E39A-80D5-4303-A489-0CF4157FE96D}
	EndGlobalSection
	GlobalSection(SharedMSBuildProjectFiles) = preSolution
		UnoAppSkia\UnoAppSkia.Shared\UnoAppSkia.Shared.projitems*{134e885d-f9c0-466b-8d6d-a0252b00fe44}*SharedItemsImports = 5
		UnoAppSkia\UnoAppSkia.Shared\UnoAppSkia.Shared.projitems*{54dc8180-6892-405d-abc6-d42b335aa870}*SharedItemsImports = 5
		UnoAppSkia\UnoAppSkia.Shared\UnoAppSkia.Shared.projitems*{5ba26ba4-ba6f-4021-984b-625ed72752d9}*SharedItemsImports = 5
		UnoAppSkia\UnoAppSkia.Shared\UnoAppSkia.Shared.projitems*{6279c845-92f8-4333-ab99-3d213163593c}*SharedItemsImports = 13
		UnoAppSkia\UnoAppSkia.Shared\UnoAppSkia.Shared.projitems*{6b9be139-ef2a-455a-a419-de7eb4457baf}*SharedItemsImports = 5
	EndGlobalSection
EndGlobal
